
Microsoft Visual Studio Solution File, Format Version 12.00
# Visual Studio Version 17
VisualStudioVersion = 17.8.34330.188
MinimumVisualStudioVersion = 10.0.40219.1
Project("{FAE04EC0-301F-11D3-BF4B-00C04F79EFBC}") = "Quarznetapplicxation", "Quarznetapplicxation\Quarznetapplicxation.csproj", "{AEA691ED-4ABC-4A54-9827-F762D885A857}"
EndProject
Project("{FAE04EC0-301F-11D3-BF4B-00C04F79EFBC}") = "windowService", "windowService\windowService.csproj", "{B09B09A6-FD86-4DEE-BE69-A37C0BA4C4B4}"
EndProject
Global
	GlobalSection(SolutionConfigurationPlatforms) = preSolution
		Debug|Any CPU = Debug|Any CPU
		Release|Any CPU = Release|Any CPU
	EndGlobalSection
	GlobalSection(ProjectConfigurationPlatforms) = postSolution
		{AEA691ED-4ABC-4A54-9827-F762D885A857}.Debug|Any CPU.ActiveCfg = Debug|Any CPU
		{AEA691ED-4ABC-4A54-9827-F762D885A857}.Debug|Any CPU.Build.0 = Debug|Any CPU
		{AEA691ED-4ABC-4A54-9827-F762D885A857}.Release|Any CPU.ActiveCfg = Release|Any CPU
		{AEA691ED-4ABC-4A54-9827-F762D885A857}.Release|Any CPU.Build.0 = Release|Any CPU
		{B09B09A6-FD86-4DEE-BE69-A37C0BA4C4B4}.Debug|Any CPU.ActiveCfg = Debug|Any CPU
		{B09B09A6-FD86-4DEE-BE69-A37C0BA4C4B4}.Debug|Any CPU.Build.0 = Debug|Any CPU
		{B09B09A6-FD86-4DEE-BE69-A37C0BA4C4B4}.Release|Any CPU.ActiveCfg = Release|Any CPU
		{B09B09A6-FD86-4DEE-BE69-A37C0BA4C4B4}.Release|Any CPU.Build.0 = Release|Any CPU
	EndGlobalSection
	GlobalSection(SolutionProperties) = preSolution
		HideSolutionNode = FALSE
	EndGlobalSection
	GlobalSection(ExtensibilityGlobals) = postSolution
		SolutionGuid = {A5FA5489-45F7-42BC-A73F-67F9910B9208}
	EndGlobalSection
EndGlobal
